
Microsoft Visual Studio Solution File, Format Version 12.00
# Visual Studio 2013
VisualStudioVersion = 12.0.31101.0
MinimumVisualStudioVersion = 10.0.40219.1
Project("{2150E333-8FDC-42A3-9474-1A3956D46DE8}") = "WCFService", "WCFService", "{85F710E6-3E3A-43DE-985C-7F1460542BC1}"
EndProject
Project("{2150E333-8FDC-42A3-9474-1A3956D46DE8}") = "Client", "Client", "{BF60B0EE-B680-4C9A-BD2B-25E5F46BCD6C}"
EndProject
Project("{FAE04EC0-301F-11D3-BF4B-00C04F79EFBC}") = "Client.WCFServiceConsoleClient", "Client.ConsoleClient\Client.WCFServiceConsoleClient.csproj", "{6339ABE1-9539-4AC2-8094-F62DDEE5F308}"
	ProjectSection(ProjectDependencies) = postProject
		{96163181-E0D0-4196-B376-E9587C5FE2F7} = {96163181-E0D0-4196-B376-E9587C5FE2F7}
	EndProjectSection
EndProject
Project("{FAE04EC0-301F-11D3-BF4B-00C04F79EFBC}") = "StreamExtension", "SharedKernel.StreamExtension\StreamExtension.csproj", "{D0E48AD8-714B-4E53-A580-928FA572E252}"
EndProject
Project("{FAE04EC0-301F-11D3-BF4B-00C04F79EFBC}") = "WCFService.ServiceLibrary", "WCFService.ServiceLibrary\WCFService.ServiceLibrary.csproj", "{96163181-E0D0-4196-B376-E9587C5FE2F7}"
EndProject
Project("{FAE04EC0-301F-11D3-BF4B-00C04F79EFBC}") = "Client.WCFServiceWPFClient", "Client.WPFClient\Client.WCFServiceWPFClient.csproj", "{D76AF160-3099-4E9C-AD91-21A7E41D0650}"
	ProjectSection(ProjectDependencies) = postProject
		{96163181-E0D0-4196-B376-E9587C5FE2F7} = {96163181-E0D0-4196-B376-E9587C5FE2F7}
	EndProjectSection
EndProject
Project("{2150E333-8FDC-42A3-9474-1A3956D46DE8}") = "Infrastructure", "Infrastructure", "{BA9F4D70-D2D8-4106-ABC9-D57664B42A1D}"
EndProject
Project("{FAE04EC0-301F-11D3-BF4B-00C04F79EFBC}") = "Client.LocalDatabaseConsoleClient", "Client.ConsoleDatabaseClient\Client.LocalDatabaseConsoleClient.csproj", "{A12DA842-6438-4FD8-A8DB-96658D2B43AB}"
EndProject
Project("{FAE04EC0-301F-11D3-BF4B-00C04F79EFBC}") = "FileSystemStreamHelper", "FileSystemStreamHelper\FileSystemStreamHelper.csproj", "{8E73439E-4B0D-4115-9C6E-D8EC690DCC57}"
EndProject
Project("{00D1A9C2-B5F0-4AF3-8072-F6C62B433612}") = "FileStorageDatabase", "FileStorageDatabase\FileStorageDatabase.sqlproj", "{5DCA8D3C-57CF-4BD8-812B-55788D6E53D8}"
EndProject
Project("{FAE04EC0-301F-11D3-BF4B-00C04F79EFBC}") = "SQLStreamLib", "SQLStreamExtension\SQLStreamLib.csproj", "{CF3C7F64-8B65-43B4-A1A4-F861CACFBA48}"
EndProject
Project("{2150E333-8FDC-42A3-9474-1A3956D46DE8}") = "FileStorage", "FileStorage", "{00488901-8210-4F1B-B2FF-B1AD83256D2D}"
EndProject
Project("{FAE04EC0-301F-11D3-BF4B-00C04F79EFBC}") = "FileStorage", "FileStorage\FileStorage.csproj", "{0E2AA076-8A54-46D0-B498-5D531480637A}"
EndProject
Global
	GlobalSection(SolutionConfigurationPlatforms) = preSolution
		Debug|Any CPU = Debug|Any CPU
		Release|Any CPU = Release|Any CPU
	EndGlobalSection
	GlobalSection(ProjectConfigurationPlatforms) = postSolution
		{6339ABE1-9539-4AC2-8094-F62DDEE5F308}.Debug|Any CPU.ActiveCfg = Debug|Any CPU
		{6339ABE1-9539-4AC2-8094-F62DDEE5F308}.Debug|Any CPU.Build.0 = Debug|Any CPU
		{6339ABE1-9539-4AC2-8094-F62DDEE5F308}.Release|Any CPU.ActiveCfg = Release|Any CPU
		{6339ABE1-9539-4AC2-8094-F62DDEE5F308}.Release|Any CPU.Build.0 = Release|Any CPU
		{D0E48AD8-714B-4E53-A580-928FA572E252}.Debug|Any CPU.ActiveCfg = Debug|Any CPU
		{D0E48AD8-714B-4E53-A580-928FA572E252}.Debug|Any CPU.Build.0 = Debug|Any CPU
		{D0E48AD8-714B-4E53-A580-928FA572E252}.Release|Any CPU.ActiveCfg = Release|Any CPU
		{D0E48AD8-714B-4E53-A580-928FA572E252}.Release|Any CPU.Build.0 = Release|Any CPU
		{96163181-E0D0-4196-B376-E9587C5FE2F7}.Debug|Any CPU.ActiveCfg = Debug|Any CPU
		{96163181-E0D0-4196-B376-E9587C5FE2F7}.Debug|Any CPU.Build.0 = Debug|Any CPU
		{96163181-E0D0-4196-B376-E9587C5FE2F7}.Release|Any CPU.ActiveCfg = Release|Any CPU
		{96163181-E0D0-4196-B376-E9587C5FE2F7}.Release|Any CPU.Build.0 = Release|Any CPU
		{D76AF160-3099-4E9C-AD91-21A7E41D0650}.Debug|Any CPU.ActiveCfg = Debug|Any CPU
		{D76AF160-3099-4E9C-AD91-21A7E41D0650}.Debug|Any CPU.Build.0 = Debug|Any CPU
		{D76AF160-3099-4E9C-AD91-21A7E41D0650}.Release|Any CPU.ActiveCfg = Release|Any CPU
		{D76AF160-3099-4E9C-AD91-21A7E41D0650}.Release|Any CPU.Build.0 = Release|Any CPU
		{A12DA842-6438-4FD8-A8DB-96658D2B43AB}.Debug|Any CPU.ActiveCfg = Debug|Any CPU
		{A12DA842-6438-4FD8-A8DB-96658D2B43AB}.Debug|Any CPU.Build.0 = Debug|Any CPU
		{A12DA842-6438-4FD8-A8DB-96658D2B43AB}.Release|Any CPU.ActiveCfg = Release|Any CPU
		{A12DA842-6438-4FD8-A8DB-96658D2B43AB}.Release|Any CPU.Build.0 = Release|Any CPU
		{8E73439E-4B0D-4115-9C6E-D8EC690DCC57}.Debug|Any CPU.ActiveCfg = Debug|Any CPU
		{8E73439E-4B0D-4115-9C6E-D8EC690DCC57}.Debug|Any CPU.Build.0 = Debug|Any CPU
		{8E73439E-4B0D-4115-9C6E-D8EC690DCC57}.Release|Any CPU.ActiveCfg = Release|Any CPU
		{8E73439E-4B0D-4115-9C6E-D8EC690DCC57}.Release|Any CPU.Build.0 = Release|Any CPU
		{5DCA8D3C-57CF-4BD8-812B-55788D6E53D8}.Debug|Any CPU.ActiveCfg = Debug|Any CPU
		{5DCA8D3C-57CF-4BD8-812B-55788D6E53D8}.Debug|Any CPU.Build.0 = Debug|Any CPU
		{5DCA8D3C-57CF-4BD8-812B-55788D6E53D8}.Debug|Any CPU.Deploy.0 = Debug|Any CPU
		{5DCA8D3C-57CF-4BD8-812B-55788D6E53D8}.Release|Any CPU.ActiveCfg = Release|Any CPU
		{5DCA8D3C-57CF-4BD8-812B-55788D6E53D8}.Release|Any CPU.Build.0 = Release|Any CPU
		{5DCA8D3C-57CF-4BD8-812B-55788D6E53D8}.Release|Any CPU.Deploy.0 = Release|Any CPU
		{CF3C7F64-8B65-43B4-A1A4-F861CACFBA48}.Debug|Any CPU.ActiveCfg = Debug|Any CPU
		{CF3C7F64-8B65-43B4-A1A4-F861CACFBA48}.Debug|Any CPU.Build.0 = Debug|Any CPU
		{CF3C7F64-8B65-43B4-A1A4-F861CACFBA48}.Release|Any CPU.ActiveCfg = Release|Any CPU
		{CF3C7F64-8B65-43B4-A1A4-F861CACFBA48}.Release|Any CPU.Build.0 = Release|Any CPU
		{0E2AA076-8A54-46D0-B498-5D531480637A}.Debug|Any CPU.ActiveCfg = Debug|Any CPU
		{0E2AA076-8A54-46D0-B498-5D531480637A}.Debug|Any CPU.Build.0 = Debug|Any CPU
		{0E2AA076-8A54-46D0-B498-5D531480637A}.Release|Any CPU.ActiveCfg = Release|Any CPU
		{0E2AA076-8A54-46D0-B498-5D531480637A}.Release|Any CPU.Build.0 = Release|Any CPU
	EndGlobalSection
	GlobalSection(SolutionProperties) = preSolution
		HideSolutionNode = FALSE
	EndGlobalSection
	GlobalSection(NestedProjects) = preSolution
		{6339ABE1-9539-4AC2-8094-F62DDEE5F308} = {BF60B0EE-B680-4C9A-BD2B-25E5F46BCD6C}
		{D0E48AD8-714B-4E53-A580-928FA572E252} = {BF60B0EE-B680-4C9A-BD2B-25E5F46BCD6C}
		{96163181-E0D0-4196-B376-E9587C5FE2F7} = {85F710E6-3E3A-43DE-985C-7F1460542BC1}
		{D76AF160-3099-4E9C-AD91-21A7E41D0650} = {BF60B0EE-B680-4C9A-BD2B-25E5F46BCD6C}
		{A12DA842-6438-4FD8-A8DB-96658D2B43AB} = {BF60B0EE-B680-4C9A-BD2B-25E5F46BCD6C}
		{5DCA8D3C-57CF-4BD8-812B-55788D6E53D8} = {BA9F4D70-D2D8-4106-ABC9-D57664B42A1D}
		{CF3C7F64-8B65-43B4-A1A4-F861CACFBA48} = {00488901-8210-4F1B-B2FF-B1AD83256D2D}
		{0E2AA076-8A54-46D0-B498-5D531480637A} = {00488901-8210-4F1B-B2FF-B1AD83256D2D}
	EndGlobalSection
	GlobalSection(Performance) = preSolution
		HasPerformanceSessions = true
	EndGlobalSection
EndGlobal
