
Microsoft Visual Studio Solution File, Format Version 12.00
# Visual Studio 2013
VisualStudioVersion = 12.0.31101.0
MinimumVisualStudioVersion = 10.0.40219.1
Project("{2150E333-8FDC-42A3-9474-1A3956D46DE8}") = "WCFService", "WCFService", "{85F710E6-3E3A-43DE-985C-7F1460542BC1}"
EndProject
Project("{2150E333-8FDC-42A3-9474-1A3956D46DE8}") = "SharedKernel", "SharedKernel", "{FD1334BA-1B11-49EC-832F-469D9D69E158}"
EndProject
Project("{2150E333-8FDC-42A3-9474-1A3956D46DE8}") = "Client", "Client", "{BF60B0EE-B680-4C9A-BD2B-25E5F46BCD6C}"
EndProject
Project("{2150E333-8FDC-42A3-9474-1A3956D46DE8}") = "FileStorageRepository", "FileStorageRepository", "{59AE1A6A-A111-4CB7-9EFF-60D36357E609}"
EndProject
Project("{FAE04EC0-301F-11D3-BF4B-00C04F79EFBC}") = "FileStorageRepository.Interface", "FileStorageRepository.Interface\FileStorageRepository.Interface.csproj", "{C6DE4C0E-E6A4-42D2-9204-616A15835E6A}"
EndProject
Project("{FAE04EC0-301F-11D3-BF4B-00C04F79EFBC}") = "FileStorageRepository.MockFileRepository", "FileStorageRepository.FileStorageMock\FileStorageRepository.MockFileRepository.csproj", "{1BE106DA-2F1B-48DD-904B-B0E0C614EFD0}"
EndProject
Project("{FAE04EC0-301F-11D3-BF4B-00C04F79EFBC}") = "Client.ConsoleClient", "Client.ConsoleClient\Client.ConsoleClient.csproj", "{6339ABE1-9539-4AC2-8094-F62DDEE5F308}"
	ProjectSection(ProjectDependencies) = postProject
		{96163181-E0D0-4196-B376-E9587C5FE2F7} = {96163181-E0D0-4196-B376-E9587C5FE2F7}
	EndProjectSection
EndProject
Project("{FAE04EC0-301F-11D3-BF4B-00C04F79EFBC}") = "SharedKernel.StreamExtension", "SharedKernel.StreamExtension\SharedKernel.StreamExtension.csproj", "{D0E48AD8-714B-4E53-A580-928FA572E252}"
EndProject
Project("{FAE04EC0-301F-11D3-BF4B-00C04F79EFBC}") = "WCFService.ServiceLibrary", "WCFService.ServiceLibrary\WCFService.ServiceLibrary.csproj", "{96163181-E0D0-4196-B376-E9587C5FE2F7}"
EndProject
Project("{FAE04EC0-301F-11D3-BF4B-00C04F79EFBC}") = "Client.WPFClient", "Client.WPFClient\Client.WPFClient.csproj", "{D76AF160-3099-4E9C-AD91-21A7E41D0650}"
	ProjectSection(ProjectDependencies) = postProject
		{96163181-E0D0-4196-B376-E9587C5FE2F7} = {96163181-E0D0-4196-B376-E9587C5FE2F7}
	EndProjectSection
EndProject
Project("{2150E333-8FDC-42A3-9474-1A3956D46DE8}") = "Infrastructure", "Infrastructure", "{BA9F4D70-D2D8-4106-ABC9-D57664B42A1D}"
EndProject
Project("{FAE04EC0-301F-11D3-BF4B-00C04F79EFBC}") = "Client.ConsoleDatabaseClient", "Client.ConsoleDatabaseClient\Client.ConsoleDatabaseClient.csproj", "{A12DA842-6438-4FD8-A8DB-96658D2B43AB}"
EndProject
Project("{00D1A9C2-B5F0-4AF3-8072-F6C62B433612}") = "FileStorageDatabase", "FileStorageDatabase\FileStorageDatabase.sqlproj", "{07AC1827-AA11-42ED-993E-C4A42D839E7C}"
EndProject
Global
	GlobalSection(SolutionConfigurationPlatforms) = preSolution
		Debug|Any CPU = Debug|Any CPU
		Release|Any CPU = Release|Any CPU
	EndGlobalSection
	GlobalSection(ProjectConfigurationPlatforms) = postSolution
		{C6DE4C0E-E6A4-42D2-9204-616A15835E6A}.Debug|Any CPU.ActiveCfg = Debug|Any CPU
		{C6DE4C0E-E6A4-42D2-9204-616A15835E6A}.Debug|Any CPU.Build.0 = Debug|Any CPU
		{C6DE4C0E-E6A4-42D2-9204-616A15835E6A}.Release|Any CPU.ActiveCfg = Release|Any CPU
		{C6DE4C0E-E6A4-42D2-9204-616A15835E6A}.Release|Any CPU.Build.0 = Release|Any CPU
		{1BE106DA-2F1B-48DD-904B-B0E0C614EFD0}.Debug|Any CPU.ActiveCfg = Debug|Any CPU
		{1BE106DA-2F1B-48DD-904B-B0E0C614EFD0}.Debug|Any CPU.Build.0 = Debug|Any CPU
		{1BE106DA-2F1B-48DD-904B-B0E0C614EFD0}.Release|Any CPU.ActiveCfg = Release|Any CPU
		{1BE106DA-2F1B-48DD-904B-B0E0C614EFD0}.Release|Any CPU.Build.0 = Release|Any CPU
		{6339ABE1-9539-4AC2-8094-F62DDEE5F308}.Debug|Any CPU.ActiveCfg = Debug|Any CPU
		{6339ABE1-9539-4AC2-8094-F62DDEE5F308}.Debug|Any CPU.Build.0 = Debug|Any CPU
		{6339ABE1-9539-4AC2-8094-F62DDEE5F308}.Release|Any CPU.ActiveCfg = Release|Any CPU
		{6339ABE1-9539-4AC2-8094-F62DDEE5F308}.Release|Any CPU.Build.0 = Release|Any CPU
		{D0E48AD8-714B-4E53-A580-928FA572E252}.Debug|Any CPU.ActiveCfg = Debug|Any CPU
		{D0E48AD8-714B-4E53-A580-928FA572E252}.Debug|Any CPU.Build.0 = Debug|Any CPU
		{D0E48AD8-714B-4E53-A580-928FA572E252}.Release|Any CPU.ActiveCfg = Release|Any CPU
		{D0E48AD8-714B-4E53-A580-928FA572E252}.Release|Any CPU.Build.0 = Release|Any CPU
		{96163181-E0D0-4196-B376-E9587C5FE2F7}.Debug|Any CPU.ActiveCfg = Debug|Any CPU
		{96163181-E0D0-4196-B376-E9587C5FE2F7}.Debug|Any CPU.Build.0 = Debug|Any CPU
		{96163181-E0D0-4196-B376-E9587C5FE2F7}.Release|Any CPU.ActiveCfg = Release|Any CPU
		{96163181-E0D0-4196-B376-E9587C5FE2F7}.Release|Any CPU.Build.0 = Release|Any CPU
		{D76AF160-3099-4E9C-AD91-21A7E41D0650}.Debug|Any CPU.ActiveCfg = Debug|Any CPU
		{D76AF160-3099-4E9C-AD91-21A7E41D0650}.Debug|Any CPU.Build.0 = Debug|Any CPU
		{D76AF160-3099-4E9C-AD91-21A7E41D0650}.Release|Any CPU.ActiveCfg = Release|Any CPU
		{D76AF160-3099-4E9C-AD91-21A7E41D0650}.Release|Any CPU.Build.0 = Release|Any CPU
		{A12DA842-6438-4FD8-A8DB-96658D2B43AB}.Debug|Any CPU.ActiveCfg = Debug|Any CPU
		{A12DA842-6438-4FD8-A8DB-96658D2B43AB}.Debug|Any CPU.Build.0 = Debug|Any CPU
		{A12DA842-6438-4FD8-A8DB-96658D2B43AB}.Release|Any CPU.ActiveCfg = Release|Any CPU
		{A12DA842-6438-4FD8-A8DB-96658D2B43AB}.Release|Any CPU.Build.0 = Release|Any CPU
		{07AC1827-AA11-42ED-993E-C4A42D839E7C}.Debug|Any CPU.ActiveCfg = Debug|Any CPU
		{07AC1827-AA11-42ED-993E-C4A42D839E7C}.Debug|Any CPU.Build.0 = Debug|Any CPU
		{07AC1827-AA11-42ED-993E-C4A42D839E7C}.Debug|Any CPU.Deploy.0 = Debug|Any CPU
		{07AC1827-AA11-42ED-993E-C4A42D839E7C}.Release|Any CPU.ActiveCfg = Release|Any CPU
		{07AC1827-AA11-42ED-993E-C4A42D839E7C}.Release|Any CPU.Build.0 = Release|Any CPU
		{07AC1827-AA11-42ED-993E-C4A42D839E7C}.Release|Any CPU.Deploy.0 = Release|Any CPU
	EndGlobalSection
	GlobalSection(SolutionProperties) = preSolution
		HideSolutionNode = FALSE
	EndGlobalSection
	GlobalSection(NestedProjects) = preSolution
		{C6DE4C0E-E6A4-42D2-9204-616A15835E6A} = {59AE1A6A-A111-4CB7-9EFF-60D36357E609}
		{1BE106DA-2F1B-48DD-904B-B0E0C614EFD0} = {59AE1A6A-A111-4CB7-9EFF-60D36357E609}
		{6339ABE1-9539-4AC2-8094-F62DDEE5F308} = {BF60B0EE-B680-4C9A-BD2B-25E5F46BCD6C}
		{D0E48AD8-714B-4E53-A580-928FA572E252} = {FD1334BA-1B11-49EC-832F-469D9D69E158}
		{96163181-E0D0-4196-B376-E9587C5FE2F7} = {85F710E6-3E3A-43DE-985C-7F1460542BC1}
		{D76AF160-3099-4E9C-AD91-21A7E41D0650} = {BF60B0EE-B680-4C9A-BD2B-25E5F46BCD6C}
		{A12DA842-6438-4FD8-A8DB-96658D2B43AB} = {BF60B0EE-B680-4C9A-BD2B-25E5F46BCD6C}
		{07AC1827-AA11-42ED-993E-C4A42D839E7C} = {BA9F4D70-D2D8-4106-ABC9-D57664B42A1D}
	EndGlobalSection
	GlobalSection(Performance) = preSolution
		HasPerformanceSessions = true
	EndGlobalSection
EndGlobal
