
Microsoft Visual Studio Solution File, Format Version 12.00
# Visual Studio 2013
VisualStudioVersion = 12.0.31101.0
MinimumVisualStudioVersion = 10.0.40219.1
Project("{FAE04EC0-301F-11D3-BF4B-00C04F79EFBC}") = "FileStorage.FileStorageInterface", "FileStorage.Interface\FileStorage.FileStorageInterface.csproj", "{C6DE4C0E-E6A4-42D2-9204-616A15835E6A}"
EndProject
Project("{FAE04EC0-301F-11D3-BF4B-00C04F79EFBC}") = "FileStorage.ConsoleClient", "FileStorage.ConsoleClient\FileStorage.ConsoleClient.csproj", "{6339ABE1-9539-4AC2-8094-F62DDEE5F308}"
	ProjectSection(ProjectDependencies) = postProject
		{96163181-E0D0-4196-B376-E9587C5FE2F7} = {96163181-E0D0-4196-B376-E9587C5FE2F7}
	EndProjectSection
EndProject
Project("{FAE04EC0-301F-11D3-BF4B-00C04F79EFBC}") = "FileStorage.FileStorageMock", "FileStorage.Mock\FileStorage.FileStorageMock.csproj", "{1BE106DA-2F1B-48DD-904B-B0E0C614EFD0}"
EndProject
Project("{FAE04EC0-301F-11D3-BF4B-00C04F79EFBC}") = "FileStorage.Lib", "FileStorage.Lib\FileStorage.Lib.csproj", "{D0E48AD8-714B-4E53-A580-928FA572E252}"
EndProject
Project("{2150E333-8FDC-42A3-9474-1A3956D46DE8}") = "Solution Items", "Solution Items", "{F5C09092-CEE9-4F91-BF2D-7C15BB681B1F}"
	ProjectSection(SolutionItems) = preProject
		Performance1.psess = Performance1.psess
	EndProjectSection
EndProject
Project("{FAE04EC0-301F-11D3-BF4B-00C04F79EFBC}") = "FileStorage.ServiceLibrary", "FileStorage.ServiceLibrary\FileStorage.ServiceLibrary.csproj", "{96163181-E0D0-4196-B376-E9587C5FE2F7}"
EndProject
Global
	GlobalSection(SolutionConfigurationPlatforms) = preSolution
		Debug|Any CPU = Debug|Any CPU
		Release|Any CPU = Release|Any CPU
	EndGlobalSection
	GlobalSection(ProjectConfigurationPlatforms) = postSolution
		{C6DE4C0E-E6A4-42D2-9204-616A15835E6A}.Debug|Any CPU.ActiveCfg = Debug|Any CPU
		{C6DE4C0E-E6A4-42D2-9204-616A15835E6A}.Debug|Any CPU.Build.0 = Debug|Any CPU
		{C6DE4C0E-E6A4-42D2-9204-616A15835E6A}.Release|Any CPU.ActiveCfg = Release|Any CPU
		{C6DE4C0E-E6A4-42D2-9204-616A15835E6A}.Release|Any CPU.Build.0 = Release|Any CPU
		{6339ABE1-9539-4AC2-8094-F62DDEE5F308}.Debug|Any CPU.ActiveCfg = Debug|Any CPU
		{6339ABE1-9539-4AC2-8094-F62DDEE5F308}.Debug|Any CPU.Build.0 = Debug|Any CPU
		{6339ABE1-9539-4AC2-8094-F62DDEE5F308}.Release|Any CPU.ActiveCfg = Release|Any CPU
		{6339ABE1-9539-4AC2-8094-F62DDEE5F308}.Release|Any CPU.Build.0 = Release|Any CPU
		{1BE106DA-2F1B-48DD-904B-B0E0C614EFD0}.Debug|Any CPU.ActiveCfg = Debug|Any CPU
		{1BE106DA-2F1B-48DD-904B-B0E0C614EFD0}.Debug|Any CPU.Build.0 = Debug|Any CPU
		{1BE106DA-2F1B-48DD-904B-B0E0C614EFD0}.Release|Any CPU.ActiveCfg = Release|Any CPU
		{1BE106DA-2F1B-48DD-904B-B0E0C614EFD0}.Release|Any CPU.Build.0 = Release|Any CPU
		{D0E48AD8-714B-4E53-A580-928FA572E252}.Debug|Any CPU.ActiveCfg = Debug|Any CPU
		{D0E48AD8-714B-4E53-A580-928FA572E252}.Debug|Any CPU.Build.0 = Debug|Any CPU
		{D0E48AD8-714B-4E53-A580-928FA572E252}.Release|Any CPU.ActiveCfg = Release|Any CPU
		{D0E48AD8-714B-4E53-A580-928FA572E252}.Release|Any CPU.Build.0 = Release|Any CPU
		{96163181-E0D0-4196-B376-E9587C5FE2F7}.Debug|Any CPU.ActiveCfg = Debug|Any CPU
		{96163181-E0D0-4196-B376-E9587C5FE2F7}.Debug|Any CPU.Build.0 = Debug|Any CPU
		{96163181-E0D0-4196-B376-E9587C5FE2F7}.Release|Any CPU.ActiveCfg = Release|Any CPU
		{96163181-E0D0-4196-B376-E9587C5FE2F7}.Release|Any CPU.Build.0 = Release|Any CPU
	EndGlobalSection
	GlobalSection(SolutionProperties) = preSolution
		HideSolutionNode = FALSE
	EndGlobalSection
	GlobalSection(Performance) = preSolution
		HasPerformanceSessions = true
	EndGlobalSection
EndGlobal
